
Microsoft Visual Studio Solution File, Format Version 12.00
# Visual Studio Version 17
VisualStudioVersion = 17.0.31903.59
MinimumVisualStudioVersion = 10.0.40219.1
Project("{2150E333-8FDC-42A3-9474-1A3956D46DE8}") = "src", "src", "{47D248E2-1D7F-4984-8E8B-013EAD6CD1E9}"
EndProject
Project("{FAE04EC0-301F-11D3-BF4B-00C04F79EFBC}") = "Shalom.Domain", "src\Shalom.Domain\Shalom.Domain.csproj", "{8F5D9E3E-FF27-4EA1-AB7B-C8DD5CA8B302}"
EndProject
Project("{FAE04EC0-301F-11D3-BF4B-00C04F79EFBC}") = "Shalom.Application", "src\Shalom.Application\Shalom.Application.csproj", "{0227C483-E008-47DF-B772-958B51C76702}"
EndProject
Project("{FAE04EC0-301F-11D3-BF4B-00C04F79EFBC}") = "Shalom.Infrastructure", "src\Shalom.Infrastructure\Shalom.Infrastructure.csproj", "{D7FFEF9A-B956-49AD-9312-C09B8403D55A}"
EndProject
Project("{FAE04EC0-301F-11D3-BF4B-00C04F79EFBC}") = "Shalom.Api", "src\Shalom.Api\Shalom.Api.csproj", "{F17928BF-8021-4155-A87D-419CA9421A5F}"
EndProject
Project("{2150E333-8FDC-42A3-9474-1A3956D46DE8}") = "tests", "tests", "{75A672CB-4F54-4B16-8C9F-CA9055E250DE}"
EndProject
Project("{FAE04EC0-301F-11D3-BF4B-00C04F79EFBC}") = "Shalom.Application.Tests", "tests\Shalom.Application.Tests\Shalom.Application.Tests.csproj", "{2C96F97B-8A85-412E-B7D2-9D99FC3C0D9C}"
EndProject
Project("{FAE04EC0-301F-11D3-BF4B-00C04F79EFBC}") = "Shalom.Infrastructure.Tests", "tests\Shalom.Infrastructure.Tests\Shalom.Infrastructure.Tests.csproj", "{EA80701D-4540-4227-AF50-AE75190308A7}"
EndProject
Project("{FAE04EC0-301F-11D3-BF4B-00C04F79EFBC}") = "Shalom.Api.Tests", "tests\Shalom.Api.Tests\Shalom.Api.Tests.csproj", "{117C70FF-6FF0-4AB4-AAC1-D4D29AD57906}"
EndProject
Project("{FAE04EC0-301F-11D3-BF4B-00C04F79EFBC}") = "Shalom.Cli", "src\Shalom.Cli\Shalom.Cli.csproj", "{EB25C0CD-28A5-4A86-99E3-45E1D5FF57AF}"
EndProject
Project("{FAE04EC0-301F-11D3-BF4B-00C04F79EFBC}") = "Shalom.Cli.Tests", "tests\Shalom.Cli.Tests\Shalom.Cli.Tests.csproj", "{35CB78EE-FF1E-41D0-A98C-5A1CF779C061}"
EndProject
Global
	GlobalSection(SolutionConfigurationPlatforms) = preSolution
		Debug|Any CPU = Debug|Any CPU
		Debug|x64 = Debug|x64
		Debug|x86 = Debug|x86
		Release|Any CPU = Release|Any CPU
		Release|x64 = Release|x64
		Release|x86 = Release|x86
	EndGlobalSection
	GlobalSection(ProjectConfigurationPlatforms) = postSolution
		{8F5D9E3E-FF27-4EA1-AB7B-C8DD5CA8B302}.Debug|Any CPU.ActiveCfg = Debug|Any CPU
		{8F5D9E3E-FF27-4EA1-AB7B-C8DD5CA8B302}.Debug|Any CPU.Build.0 = Debug|Any CPU
		{8F5D9E3E-FF27-4EA1-AB7B-C8DD5CA8B302}.Debug|x64.ActiveCfg = Debug|Any CPU
		{8F5D9E3E-FF27-4EA1-AB7B-C8DD5CA8B302}.Debug|x64.Build.0 = Debug|Any CPU
		{8F5D9E3E-FF27-4EA1-AB7B-C8DD5CA8B302}.Debug|x86.ActiveCfg = Debug|Any CPU
		{8F5D9E3E-FF27-4EA1-AB7B-C8DD5CA8B302}.Debug|x86.Build.0 = Debug|Any CPU
		{8F5D9E3E-FF27-4EA1-AB7B-C8DD5CA8B302}.Release|Any CPU.ActiveCfg = Release|Any CPU
		{8F5D9E3E-FF27-4EA1-AB7B-C8DD5CA8B302}.Release|Any CPU.Build.0 = Release|Any CPU
		{8F5D9E3E-FF27-4EA1-AB7B-C8DD5CA8B302}.Release|x64.ActiveCfg = Release|Any CPU
		{8F5D9E3E-FF27-4EA1-AB7B-C8DD5CA8B302}.Release|x64.Build.0 = Release|Any CPU
		{8F5D9E3E-FF27-4EA1-AB7B-C8DD5CA8B302}.Release|x86.ActiveCfg = Release|Any CPU
		{8F5D9E3E-FF27-4EA1-AB7B-C8DD5CA8B302}.Release|x86.Build.0 = Release|Any CPU
		{0227C483-E008-47DF-B772-958B51C76702}.Debug|Any CPU.ActiveCfg = Debug|Any CPU
		{0227C483-E008-47DF-B772-958B51C76702}.Debug|Any CPU.Build.0 = Debug|Any CPU
		{0227C483-E008-47DF-B772-958B51C76702}.Debug|x64.ActiveCfg = Debug|Any CPU
		{0227C483-E008-47DF-B772-958B51C76702}.Debug|x64.Build.0 = Debug|Any CPU
		{0227C483-E008-47DF-B772-958B51C76702}.Debug|x86.ActiveCfg = Debug|Any CPU
		{0227C483-E008-47DF-B772-958B51C76702}.Debug|x86.Build.0 = Debug|Any CPU
		{0227C483-E008-47DF-B772-958B51C76702}.Release|Any CPU.ActiveCfg = Release|Any CPU
		{0227C483-E008-47DF-B772-958B51C76702}.Release|Any CPU.Build.0 = Release|Any CPU
		{0227C483-E008-47DF-B772-958B51C76702}.Release|x64.ActiveCfg = Release|Any CPU
		{0227C483-E008-47DF-B772-958B51C76702}.Release|x64.Build.0 = Release|Any CPU
		{0227C483-E008-47DF-B772-958B51C76702}.Release|x86.ActiveCfg = Release|Any CPU
		{0227C483-E008-47DF-B772-958B51C76702}.Release|x86.Build.0 = Release|Any CPU
		{D7FFEF9A-B956-49AD-9312-C09B8403D55A}.Debug|Any CPU.ActiveCfg = Debug|Any CPU
		{D7FFEF9A-B956-49AD-9312-C09B8403D55A}.Debug|Any CPU.Build.0 = Debug|Any CPU
		{D7FFEF9A-B956-49AD-9312-C09B8403D55A}.Debug|x64.ActiveCfg = Debug|Any CPU
		{D7FFEF9A-B956-49AD-9312-C09B8403D55A}.Debug|x64.Build.0 = Debug|Any CPU
		{D7FFEF9A-B956-49AD-9312-C09B8403D55A}.Debug|x86.ActiveCfg = Debug|Any CPU
		{D7FFEF9A-B956-49AD-9312-C09B8403D55A}.Debug|x86.Build.0 = Debug|Any CPU
		{D7FFEF9A-B956-49AD-9312-C09B8403D55A}.Release|Any CPU.ActiveCfg = Release|Any CPU
		{D7FFEF9A-B956-49AD-9312-C09B8403D55A}.Release|Any CPU.Build.0 = Release|Any CPU
		{D7FFEF9A-B956-49AD-9312-C09B8403D55A}.Release|x64.ActiveCfg = Release|Any CPU
		{D7FFEF9A-B956-49AD-9312-C09B8403D55A}.Release|x64.Build.0 = Release|Any CPU
		{D7FFEF9A-B956-49AD-9312-C09B8403D55A}.Release|x86.ActiveCfg = Release|Any CPU
		{D7FFEF9A-B956-49AD-9312-C09B8403D55A}.Release|x86.Build.0 = Release|Any CPU
		{F17928BF-8021-4155-A87D-419CA9421A5F}.Debug|Any CPU.ActiveCfg = Debug|Any CPU
		{F17928BF-8021-4155-A87D-419CA9421A5F}.Debug|Any CPU.Build.0 = Debug|Any CPU
		{F17928BF-8021-4155-A87D-419CA9421A5F}.Debug|x64.ActiveCfg = Debug|Any CPU
		{F17928BF-8021-4155-A87D-419CA9421A5F}.Debug|x64.Build.0 = Debug|Any CPU
		{F17928BF-8021-4155-A87D-419CA9421A5F}.Debug|x86.ActiveCfg = Debug|Any CPU
		{F17928BF-8021-4155-A87D-419CA9421A5F}.Debug|x86.Build.0 = Debug|Any CPU
		{F17928BF-8021-4155-A87D-419CA9421A5F}.Release|Any CPU.ActiveCfg = Release|Any CPU
		{F17928BF-8021-4155-A87D-419CA9421A5F}.Release|Any CPU.Build.0 = Release|Any CPU
		{F17928BF-8021-4155-A87D-419CA9421A5F}.Release|x64.ActiveCfg = Release|Any CPU
		{F17928BF-8021-4155-A87D-419CA9421A5F}.Release|x64.Build.0 = Release|Any CPU
		{F17928BF-8021-4155-A87D-419CA9421A5F}.Release|x86.ActiveCfg = Release|Any CPU
		{F17928BF-8021-4155-A87D-419CA9421A5F}.Release|x86.Build.0 = Release|Any CPU
		{2C96F97B-8A85-412E-B7D2-9D99FC3C0D9C}.Debug|Any CPU.ActiveCfg = Debug|Any CPU
		{2C96F97B-8A85-412E-B7D2-9D99FC3C0D9C}.Debug|Any CPU.Build.0 = Debug|Any CPU
		{2C96F97B-8A85-412E-B7D2-9D99FC3C0D9C}.Debug|x64.ActiveCfg = Debug|Any CPU
		{2C96F97B-8A85-412E-B7D2-9D99FC3C0D9C}.Debug|x64.Build.0 = Debug|Any CPU
		{2C96F97B-8A85-412E-B7D2-9D99FC3C0D9C}.Debug|x86.ActiveCfg = Debug|Any CPU
		{2C96F97B-8A85-412E-B7D2-9D99FC3C0D9C}.Debug|x86.Build.0 = Debug|Any CPU
		{2C96F97B-8A85-412E-B7D2-9D99FC3C0D9C}.Release|Any CPU.ActiveCfg = Release|Any CPU
		{2C96F97B-8A85-412E-B7D2-9D99FC3C0D9C}.Release|Any CPU.Build.0 = Release|Any CPU
		{2C96F97B-8A85-412E-B7D2-9D99FC3C0D9C}.Release|x64.ActiveCfg = Release|Any CPU
		{2C96F97B-8A85-412E-B7D2-9D99FC3C0D9C}.Release|x64.Build.0 = Release|Any CPU
		{2C96F97B-8A85-412E-B7D2-9D99FC3C0D9C}.Release|x86.ActiveCfg = Release|Any CPU
		{2C96F97B-8A85-412E-B7D2-9D99FC3C0D9C}.Release|x86.Build.0 = Release|Any CPU
		{EA80701D-4540-4227-AF50-AE75190308A7}.Debug|Any CPU.ActiveCfg = Debug|Any CPU
		{EA80701D-4540-4227-AF50-AE75190308A7}.Debug|Any CPU.Build.0 = Debug|Any CPU
		{EA80701D-4540-4227-AF50-AE75190308A7}.Debug|x64.ActiveCfg = Debug|Any CPU
		{EA80701D-4540-4227-AF50-AE75190308A7}.Debug|x64.Build.0 = Debug|Any CPU
		{EA80701D-4540-4227-AF50-AE75190308A7}.Debug|x86.ActiveCfg = Debug|Any CPU
		{EA80701D-4540-4227-AF50-AE75190308A7}.Debug|x86.Build.0 = Debug|Any CPU
		{EA80701D-4540-4227-AF50-AE75190308A7}.Release|Any CPU.ActiveCfg = Release|Any CPU
		{EA80701D-4540-4227-AF50-AE75190308A7}.Release|Any CPU.Build.0 = Release|Any CPU
		{EA80701D-4540-4227-AF50-AE75190308A7}.Release|x64.ActiveCfg = Release|Any CPU
		{EA80701D-4540-4227-AF50-AE75190308A7}.Release|x64.Build.0 = Release|Any CPU
		{EA80701D-4540-4227-AF50-AE75190308A7}.Release|x86.ActiveCfg = Release|Any CPU
		{EA80701D-4540-4227-AF50-AE75190308A7}.Release|x86.Build.0 = Release|Any CPU
		{117C70FF-6FF0-4AB4-AAC1-D4D29AD57906}.Debug|Any CPU.ActiveCfg = Debug|Any CPU
		{117C70FF-6FF0-4AB4-AAC1-D4D29AD57906}.Debug|Any CPU.Build.0 = Debug|Any CPU
		{117C70FF-6FF0-4AB4-AAC1-D4D29AD57906}.Debug|x64.ActiveCfg = Debug|Any CPU
		{117C70FF-6FF0-4AB4-AAC1-D4D29AD57906}.Debug|x64.Build.0 = Debug|Any CPU
		{117C70FF-6FF0-4AB4-AAC1-D4D29AD57906}.Debug|x86.ActiveCfg = Debug|Any CPU
		{117C70FF-6FF0-4AB4-AAC1-D4D29AD57906}.Debug|x86.Build.0 = Debug|Any CPU
		{117C70FF-6FF0-4AB4-AAC1-D4D29AD57906}.Release|Any CPU.ActiveCfg = Release|Any CPU
		{117C70FF-6FF0-4AB4-AAC1-D4D29AD57906}.Release|Any CPU.Build.0 = Release|Any CPU
		{117C70FF-6FF0-4AB4-AAC1-D4D29AD57906}.Release|x64.ActiveCfg = Release|Any CPU
		{117C70FF-6FF0-4AB4-AAC1-D4D29AD57906}.Release|x64.Build.0 = Release|Any CPU
		{117C70FF-6FF0-4AB4-AAC1-D4D29AD57906}.Release|x86.ActiveCfg = Release|Any CPU
		{117C70FF-6FF0-4AB4-AAC1-D4D29AD57906}.Release|x86.Build.0 = Release|Any CPU
		{EB25C0CD-28A5-4A86-99E3-45E1D5FF57AF}.Debug|Any CPU.ActiveCfg = Debug|Any CPU
		{EB25C0CD-28A5-4A86-99E3-45E1D5FF57AF}.Debug|Any CPU.Build.0 = Debug|Any CPU
		{EB25C0CD-28A5-4A86-99E3-45E1D5FF57AF}.Debug|x64.ActiveCfg = Debug|Any CPU
		{EB25C0CD-28A5-4A86-99E3-45E1D5FF57AF}.Debug|x64.Build.0 = Debug|Any CPU
		{EB25C0CD-28A5-4A86-99E3-45E1D5FF57AF}.Debug|x86.ActiveCfg = Debug|Any CPU
		{EB25C0CD-28A5-4A86-99E3-45E1D5FF57AF}.Debug|x86.Build.0 = Debug|Any CPU
		{EB25C0CD-28A5-4A86-99E3-45E1D5FF57AF}.Release|Any CPU.ActiveCfg = Release|Any CPU
		{EB25C0CD-28A5-4A86-99E3-45E1D5FF57AF}.Release|Any CPU.Build.0 = Release|Any CPU
		{EB25C0CD-28A5-4A86-99E3-45E1D5FF57AF}.Release|x64.ActiveCfg = Release|Any CPU
		{EB25C0CD-28A5-4A86-99E3-45E1D5FF57AF}.Release|x64.Build.0 = Release|Any CPU
		{EB25C0CD-28A5-4A86-99E3-45E1D5FF57AF}.Release|x86.ActiveCfg = Release|Any CPU
		{EB25C0CD-28A5-4A86-99E3-45E1D5FF57AF}.Release|x86.Build.0 = Release|Any CPU
		{35CB78EE-FF1E-41D0-A98C-5A1CF779C061}.Debug|Any CPU.ActiveCfg = Debug|Any CPU
		{35CB78EE-FF1E-41D0-A98C-5A1CF779C061}.Debug|Any CPU.Build.0 = Debug|Any CPU
		{35CB78EE-FF1E-41D0-A98C-5A1CF779C061}.Debug|x64.ActiveCfg = Debug|Any CPU
		{35CB78EE-FF1E-41D0-A98C-5A1CF779C061}.Debug|x64.Build.0 = Debug|Any CPU
		{35CB78EE-FF1E-41D0-A98C-5A1CF779C061}.Debug|x86.ActiveCfg = Debug|Any CPU
		{35CB78EE-FF1E-41D0-A98C-5A1CF779C061}.Debug|x86.Build.0 = Debug|Any CPU
		{35CB78EE-FF1E-41D0-A98C-5A1CF779C061}.Release|Any CPU.ActiveCfg = Release|Any CPU
		{35CB78EE-FF1E-41D0-A98C-5A1CF779C061}.Release|Any CPU.Build.0 = Release|Any CPU
		{35CB78EE-FF1E-41D0-A98C-5A1CF779C061}.Release|x64.ActiveCfg = Release|Any CPU
		{35CB78EE-FF1E-41D0-A98C-5A1CF779C061}.Release|x64.Build.0 = Release|Any CPU
		{35CB78EE-FF1E-41D0-A98C-5A1CF779C061}.Release|x86.ActiveCfg = Release|Any CPU
		{35CB78EE-FF1E-41D0-A98C-5A1CF779C061}.Release|x86.Build.0 = Release|Any CPU
	EndGlobalSection
	GlobalSection(SolutionProperties) = preSolution
		HideSolutionNode = FALSE
	EndGlobalSection
	GlobalSection(NestedProjects) = preSolution
		{8F5D9E3E-FF27-4EA1-AB7B-C8DD5CA8B302} = {47D248E2-1D7F-4984-8E8B-013EAD6CD1E9}
		{0227C483-E008-47DF-B772-958B51C76702} = {47D248E2-1D7F-4984-8E8B-013EAD6CD1E9}
		{D7FFEF9A-B956-49AD-9312-C09B8403D55A} = {47D248E2-1D7F-4984-8E8B-013EAD6CD1E9}
		{F17928BF-8021-4155-A87D-419CA9421A5F} = {47D248E2-1D7F-4984-8E8B-013EAD6CD1E9}
		{2C96F97B-8A85-412E-B7D2-9D99FC3C0D9C} = {75A672CB-4F54-4B16-8C9F-CA9055E250DE}
		{EA80701D-4540-4227-AF50-AE75190308A7} = {75A672CB-4F54-4B16-8C9F-CA9055E250DE}
		{117C70FF-6FF0-4AB4-AAC1-D4D29AD57906} = {75A672CB-4F54-4B16-8C9F-CA9055E250DE}
		{EB25C0CD-28A5-4A86-99E3-45E1D5FF57AF} = {47D248E2-1D7F-4984-8E8B-013EAD6CD1E9}
		{35CB78EE-FF1E-41D0-A98C-5A1CF779C061} = {75A672CB-4F54-4B16-8C9F-CA9055E250DE}
	EndGlobalSection
EndGlobal
